// !$*UTF8*$!
{
	archiveVersion = 1;
	classes = {
	};
	objectVersion = 56;
	objects = {

/* Begin PBXBuildFile section */
		3057C1222A850FBE00348BA2 /* AppDelegate.swift in Sources */ = {isa = PBXBuildFile; fileRef = 3057C1212A850FBE00348BA2 /* AppDelegate.swift */; };
		3057C1262A850FBE00348BA2 /* HomeViewController.swift in Sources */ = {isa = PBXBuildFile; fileRef = 3057C1252A850FBE00348BA2 /* HomeViewController.swift */; };
		3057C12C2A850FBE00348BA2 /* todolist_.xcdatamodeld in Sources */ = {isa = PBXBuildFile; fileRef = 3057C12A2A850FBE00348BA2 /* todolist_.xcdatamodeld */; };
		3057C12E2A850FC000348BA2 /* Assets.xcassets in Resources */ = {isa = PBXBuildFile; fileRef = 3057C12D2A850FC000348BA2 /* Assets.xcassets */; };
		3057C1312A850FC000348BA2 /* LaunchScreen.storyboard in Resources */ = {isa = PBXBuildFile; fileRef = 3057C12F2A850FC000348BA2 /* LaunchScreen.storyboard */; };
		30CDE0DF2A9DEBBC000E706D /* TaskViewController.swift in Sources */ = {isa = PBXBuildFile; fileRef = 30CDE0DE2A9DEBBC000E706D /* TaskViewController.swift */; };
		30CDE0E12A9DEC0D000E706D /* DetailViewController.swift in Sources */ = {isa = PBXBuildFile; fileRef = 30CDE0E02A9DEC0D000E706D /* DetailViewController.swift */; };
		30CDE0E32A9DEC32000E706D /* CatViewController.swift in Sources */ = {isa = PBXBuildFile; fileRef = 30CDE0E22A9DEC32000E706D /* CatViewController.swift */; };
		30CDE0E72A9DF407000E706D /* TaskHeaderView.swift in Sources */ = {isa = PBXBuildFile; fileRef = 30CDE0E62A9DF407000E706D /* TaskHeaderView.swift */; };
		30CDE0E92A9DF80B000E706D /* TaskCell.swift in Sources */ = {isa = PBXBuildFile; fileRef = 30CDE0E82A9DF80B000E706D /* TaskCell.swift */; };
		30CDE0EB2A9E0B40000E706D /* Task.swift in Sources */ = {isa = PBXBuildFile; fileRef = 30CDE0EA2A9E0B40000E706D /* Task.swift */; };
		30CDE0ED2A9E0D6F000E706D /* DoneViewController.swift in Sources */ = {isa = PBXBuildFile; fileRef = 30CDE0EC2A9E0D6F000E706D /* DoneViewController.swift */; };
		30CDE0F32A9EBCE1000E706D /* NetworkErorr.swift in Sources */ = {isa = PBXBuildFile; fileRef = 30CDE0F22A9EBCE1000E706D /* NetworkErorr.swift */; };
		30CDE0F52A9EBD08000E706D /* UIImageView + Extention.swift in Sources */ = {isa = PBXBuildFile; fileRef = 30CDE0F42A9EBD08000E706D /* UIImageView + Extention.swift */; };
		30CDE0F72A9EBEED000E706D /* TaskList.swift in Sources */ = {isa = PBXBuildFile; fileRef = 30CDE0F62A9EBEED000E706D /* TaskList.swift */; };
		30CDE0F92A9F3545000E706D /* EditViewController.swift in Sources */ = {isa = PBXBuildFile; fileRef = 30CDE0F82A9F3545000E706D /* EditViewController.swift */; };
/* End PBXBuildFile section */

/* Begin PBXFileReference section */
		3057C11E2A850FBE00348BA2 /* todolist_.app */ = {isa = PBXFileReference; explicitFileType = wrapper.application; includeInIndex = 0; path = todolist_.app; sourceTree = BUILT_PRODUCTS_DIR; };
		3057C1212A850FBE00348BA2 /* AppDelegate.swift */ = {isa = PBXFileReference; lastKnownFileType = sourcecode.swift; path = AppDelegate.swift; sourceTree = "<group>"; };
		3057C1252A850FBE00348BA2 /* HomeViewController.swift */ = {isa = PBXFileReference; lastKnownFileType = sourcecode.swift; path = HomeViewController.swift; sourceTree = "<group>"; };
		3057C12B2A850FBE00348BA2 /* todolist_.xcdatamodel */ = {isa = PBXFileReference; lastKnownFileType = wrapper.xcdatamodel; path = todolist_.xcdatamodel; sourceTree = "<group>"; };
		3057C12D2A850FC000348BA2 /* Assets.xcassets */ = {isa = PBXFileReference; lastKnownFileType = folder.assetcatalog; path = Assets.xcassets; sourceTree = "<group>"; };
		3057C1302A850FC000348BA2 /* Base */ = {isa = PBXFileReference; lastKnownFileType = file.storyboard; name = Base; path = Base.lproj/LaunchScreen.storyboard; sourceTree = "<group>"; };
		3057C1322A850FC000348BA2 /* Info.plist */ = {isa = PBXFileReference; lastKnownFileType = text.plist.xml; path = Info.plist; sourceTree = "<group>"; };
		30CDE0DE2A9DEBBC000E706D /* TaskViewController.swift */ = {isa = PBXFileReference; lastKnownFileType = sourcecode.swift; path = TaskViewController.swift; sourceTree = "<group>"; };
		30CDE0E02A9DEC0D000E706D /* DetailViewController.swift */ = {isa = PBXFileReference; lastKnownFileType = sourcecode.swift; path = DetailViewController.swift; sourceTree = "<group>"; };
		30CDE0E22A9DEC32000E706D /* CatViewController.swift */ = {isa = PBXFileReference; lastKnownFileType = sourcecode.swift; path = CatViewController.swift; sourceTree = "<group>"; };
		30CDE0E62A9DF407000E706D /* TaskHeaderView.swift */ = {isa = PBXFileReference; lastKnownFileType = sourcecode.swift; path = TaskHeaderView.swift; sourceTree = "<group>"; };
		30CDE0E82A9DF80B000E706D /* TaskCell.swift */ = {isa = PBXFileReference; lastKnownFileType = sourcecode.swift; path = TaskCell.swift; sourceTree = "<group>"; };
		30CDE0EA2A9E0B40000E706D /* Task.swift */ = {isa = PBXFileReference; lastKnownFileType = sourcecode.swift; path = Task.swift; sourceTree = "<group>"; };
		30CDE0EC2A9E0D6F000E706D /* DoneViewController.swift */ = {isa = PBXFileReference; lastKnownFileType = sourcecode.swift; path = DoneViewController.swift; sourceTree = "<group>"; };
		30CDE0F22A9EBCE1000E706D /* NetworkErorr.swift */ = {isa = PBXFileReference; lastKnownFileType = sourcecode.swift; path = NetworkErorr.swift; sourceTree = "<group>"; };
		30CDE0F42A9EBD08000E706D /* UIImageView + Extention.swift */ = {isa = PBXFileReference; lastKnownFileType = sourcecode.swift; path = "UIImageView + Extention.swift"; sourceTree = "<group>"; };
		30CDE0F62A9EBEED000E706D /* TaskList.swift */ = {isa = PBXFileReference; lastKnownFileType = sourcecode.swift; path = TaskList.swift; sourceTree = "<group>"; };
		30CDE0F82A9F3545000E706D /* EditViewController.swift */ = {isa = PBXFileReference; lastKnownFileType = sourcecode.swift; path = EditViewController.swift; sourceTree = "<group>"; };
/* End PBXFileReference section */

/* Begin PBXFrameworksBuildPhase section */
		3057C11B2A850FBE00348BA2 /* Frameworks */ = {
			isa = PBXFrameworksBuildPhase;
			buildActionMask = 2147483647;
			files = (
			);
			runOnlyForDeploymentPostprocessing = 0;
		};
/* End PBXFrameworksBuildPhase section */

/* Begin PBXGroup section */
		3057C1152A850FBE00348BA2 = {
			isa = PBXGroup;
			children = (
				3057C1202A850FBE00348BA2 /* todolist_ */,
				3057C11F2A850FBE00348BA2 /* Products */,
			);
			sourceTree = "<group>";
		};
		3057C11F2A850FBE00348BA2 /* Products */ = {
			isa = PBXGroup;
			children = (
				3057C11E2A850FBE00348BA2 /* todolist_.app */,
			);
			name = Products;
			sourceTree = "<group>";
		};
		3057C1202A850FBE00348BA2 /* todolist_ */ = {
			isa = PBXGroup;
			children = (
				30CDE0D42A9D2AF9000E706D /* Files */,
				3057C1212A850FBE00348BA2 /* AppDelegate.swift */,
				30CDE0D52A9D2B11000E706D /* Utils */,
				30CDE0D62A9D2B22000E706D /* Models */,
				30CDE0D72A9D2B3F000E706D /* ViewContorollers */,
			);
			path = todolist_;
			sourceTree = "<group>";
		};
		30CDE0D42A9D2AF9000E706D /* Files */ = {
			isa = PBXGroup;
			children = (
				3057C12F2A850FC000348BA2 /* LaunchScreen.storyboard */,
				3057C12D2A850FC000348BA2 /* Assets.xcassets */,
				3057C1322A850FC000348BA2 /* Info.plist */,
				3057C12A2A850FBE00348BA2 /* todolist_.xcdatamodeld */,
			);
			name = Files;
			sourceTree = "<group>";
		};
		30CDE0D52A9D2B11000E706D /* Utils */ = {
			isa = PBXGroup;
			children = (
				30CDE0F22A9EBCE1000E706D /* NetworkErorr.swift */,
				30CDE0F42A9EBD08000E706D /* UIImageView + Extention.swift */,
			);
			name = Utils;
			sourceTree = "<group>";
		};
		30CDE0D62A9D2B22000E706D /* Models */ = {
			isa = PBXGroup;
			children = (
				30CDE0EA2A9E0B40000E706D /* Task.swift */,
				30CDE0F62A9EBEED000E706D /* TaskList.swift */,
			);
			name = Models;
			sourceTree = "<group>";
		};
		30CDE0D72A9D2B3F000E706D /* ViewContorollers */ = {
			isa = PBXGroup;
			children = (
				30CDE0E52A9DF3D5000E706D /* Cells */,
				30CDE0E42A9DF3AF000E706D /* Views */,
				3057C1252A850FBE00348BA2 /* HomeViewController.swift */,
				30CDE0DE2A9DEBBC000E706D /* TaskViewController.swift */,
				30CDE0E02A9DEC0D000E706D /* DetailViewController.swift */,
				30CDE0F82A9F3545000E706D /* EditViewController.swift */,
				30CDE0EC2A9E0D6F000E706D /* DoneViewController.swift */,
				30CDE0E22A9DEC32000E706D /* CatViewController.swift */,
			);
			name = ViewContorollers;
			sourceTree = "<group>";
		};
		30CDE0E42A9DF3AF000E706D /* Views */ = {
			isa = PBXGroup;
			children = (
				30CDE0E62A9DF407000E706D /* TaskHeaderView.swift */,
			);
			name = Views;
			sourceTree = "<group>";
		};
		30CDE0E52A9DF3D5000E706D /* Cells */ = {
			isa = PBXGroup;
			children = (
				30CDE0E82A9DF80B000E706D /* TaskCell.swift */,
			);
			name = Cells;
			sourceTree = "<group>";
		};
/* End PBXGroup section */

/* Begin PBXNativeTarget section */
		3057C11D2A850FBE00348BA2 /* todolist_ */ = {
			isa = PBXNativeTarget;
			buildConfigurationList = 3057C1352A850FC000348BA2 /* Build configuration list for PBXNativeTarget "todolist_" */;
			buildPhases = (
				3057C11A2A850FBE00348BA2 /* Sources */,
				3057C11B2A850FBE00348BA2 /* Frameworks */,
				3057C11C2A850FBE00348BA2 /* Resources */,
			);
			buildRules = (
			);
			dependencies = (
			);
			name = todolist_;
			productName = todolist_;
			productReference = 3057C11E2A850FBE00348BA2 /* todolist_.app */;
			productType = "com.apple.product-type.application";
		};
/* End PBXNativeTarget section */

/* Begin PBXProject section */
		3057C1162A850FBE00348BA2 /* Project object */ = {
			isa = PBXProject;
			attributes = {
				BuildIndependentTargetsInParallel = 1;
				LastSwiftUpdateCheck = 1430;
				LastUpgradeCheck = 1430;
				TargetAttributes = {
					3057C11D2A850FBE00348BA2 = {
						CreatedOnToolsVersion = 14.3.1;
					};
				};
			};
			buildConfigurationList = 3057C1192A850FBE00348BA2 /* Build configuration list for PBXProject "todolist_" */;
			compatibilityVersion = "Xcode 14.0";
			developmentRegion = en;
			hasScannedForEncodings = 0;
			knownRegions = (
				en,
				Base,
			);
			mainGroup = 3057C1152A850FBE00348BA2;
			productRefGroup = 3057C11F2A850FBE00348BA2 /* Products */;
			projectDirPath = "";
			projectRoot = "";
			targets = (
				3057C11D2A850FBE00348BA2 /* todolist_ */,
			);
		};
/* End PBXProject section */

/* Begin PBXResourcesBuildPhase section */
		3057C11C2A850FBE00348BA2 /* Resources */ = {
			isa = PBXResourcesBuildPhase;
			buildActionMask = 2147483647;
			files = (
				3057C1312A850FC000348BA2 /* LaunchScreen.storyboard in Resources */,
				3057C12E2A850FC000348BA2 /* Assets.xcassets in Resources */,
			);
			runOnlyForDeploymentPostprocessing = 0;
		};
/* End PBXResourcesBuildPhase section */

/* Begin PBXSourcesBuildPhase section */
		3057C11A2A850FBE00348BA2 /* Sources */ = {
			isa = PBXSourcesBuildPhase;
			buildActionMask = 2147483647;
			files = (
				3057C1262A850FBE00348BA2 /* HomeViewController.swift in Sources */,
				30CDE0E72A9DF407000E706D /* TaskHeaderView.swift in Sources */,
				30CDE0DF2A9DEBBC000E706D /* TaskViewController.swift in Sources */,
				30CDE0E32A9DEC32000E706D /* CatViewController.swift in Sources */,
				30CDE0EB2A9E0B40000E706D /* Task.swift in Sources */,
				30CDE0F92A9F3545000E706D /* EditViewController.swift in Sources */,
				30CDE0E92A9DF80B000E706D /* TaskCell.swift in Sources */,
				30CDE0F72A9EBEED000E706D /* TaskList.swift in Sources */,
				30CDE0ED2A9E0D6F000E706D /* DoneViewController.swift in Sources */,
				30CDE0E12A9DEC0D000E706D /* DetailViewController.swift in Sources */,
				3057C1222A850FBE00348BA2 /* AppDelegate.swift in Sources */,
				3057C12C2A850FBE00348BA2 /* todolist_.xcdatamodeld in Sources */,
				30CDE0F32A9EBCE1000E706D /* NetworkErorr.swift in Sources */,
				30CDE0F52A9EBD08000E706D /* UIImageView + Extention.swift in Sources */,
			);
			runOnlyForDeploymentPostprocessing = 0;
		};
/* End PBXSourcesBuildPhase section */

/* Begin PBXVariantGroup section */
		3057C12F2A850FC000348BA2 /* LaunchScreen.storyboard */ = {
			isa = PBXVariantGroup;
			children = (
				3057C1302A850FC000348BA2 /* Base */,
			);
			name = LaunchScreen.storyboard;
			sourceTree = "<group>";
		};
/* End PBXVariantGroup section */

/* Begin XCBuildConfiguration section */
		3057C1332A850FC000348BA2 /* Debug */ = {
			isa = XCBuildConfiguration;
			buildSettings = {
				ALWAYS_SEARCH_USER_PATHS = NO;
				CLANG_ANALYZER_NONNULL = YES;
				CLANG_ANALYZER_NUMBER_OBJECT_CONVERSION = YES_AGGRESSIVE;
				CLANG_CXX_LANGUAGE_STANDARD = "gnu++20";
				CLANG_ENABLE_MODULES = YES;
				CLANG_ENABLE_OBJC_ARC = YES;
				CLANG_ENABLE_OBJC_WEAK = YES;
				CLANG_WARN_BLOCK_CAPTURE_AUTORELEASING = YES;
				CLANG_WARN_BOOL_CONVERSION = YES;
				CLANG_WARN_COMMA = YES;
				CLANG_WARN_CONSTANT_CONVERSION = YES;
				CLANG_WARN_DEPRECATED_OBJC_IMPLEMENTATIONS = YES;
				CLANG_WARN_DIRECT_OBJC_ISA_USAGE = YES_ERROR;
				CLANG_WARN_DOCUMENTATION_COMMENTS = YES;
				CLANG_WARN_EMPTY_BODY = YES;
				CLANG_WARN_ENUM_CONVERSION = YES;
				CLANG_WARN_INFINITE_RECURSION = YES;
				CLANG_WARN_INT_CONVERSION = YES;
				CLANG_WARN_NON_LITERAL_NULL_CONVERSION = YES;
				CLANG_WARN_OBJC_IMPLICIT_RETAIN_SELF = YES;
				CLANG_WARN_OBJC_LITERAL_CONVERSION = YES;
				CLANG_WARN_OBJC_ROOT_CLASS = YES_ERROR;
				CLANG_WARN_QUOTED_INCLUDE_IN_FRAMEWORK_HEADER = YES;
				CLANG_WARN_RANGE_LOOP_ANALYSIS = YES;
				CLANG_WARN_STRICT_PROTOTYPES = YES;
				CLANG_WARN_SUSPICIOUS_MOVE = YES;
				CLANG_WARN_UNGUARDED_AVAILABILITY = YES_AGGRESSIVE;
				CLANG_WARN_UNREACHABLE_CODE = YES;
				CLANG_WARN__DUPLICATE_METHOD_MATCH = YES;
				COPY_PHASE_STRIP = NO;
				DEBUG_INFORMATION_FORMAT = dwarf;
				ENABLE_STRICT_OBJC_MSGSEND = YES;
				ENABLE_TESTABILITY = YES;
				GCC_C_LANGUAGE_STANDARD = gnu11;
				GCC_DYNAMIC_NO_PIC = NO;
				GCC_NO_COMMON_BLOCKS = YES;
				GCC_OPTIMIZATION_LEVEL = 0;
				GCC_PREPROCESSOR_DEFINITIONS = (
					"DEBUG=1",
					"$(inherited)",
				);
				GCC_WARN_64_TO_32_BIT_CONVERSION = YES;
				GCC_WARN_ABOUT_RETURN_TYPE = YES_ERROR;
				GCC_WARN_UNDECLARED_SELECTOR = YES;
				GCC_WARN_UNINITIALIZED_AUTOS = YES_AGGRESSIVE;
				GCC_WARN_UNUSED_FUNCTION = YES;
				GCC_WARN_UNUSED_VARIABLE = YES;
				IPHONEOS_DEPLOYMENT_TARGET = 16.4;
				MTL_ENABLE_DEBUG_INFO = INCLUDE_SOURCE;
				MTL_FAST_MATH = YES;
				ONLY_ACTIVE_ARCH = YES;
				SDKROOT = iphoneos;
				SWIFT_ACTIVE_COMPILATION_CONDITIONS = DEBUG;
				SWIFT_OPTIMIZATION_LEVEL = "-Onone";
			};
			name = Debug;
		};
		3057C1342A850FC000348BA2 /* Release */ = {
			isa = XCBuildConfiguration;
			buildSettings = {
				ALWAYS_SEARCH_USER_PATHS = NO;
				CLANG_ANALYZER_NONNULL = YES;
				CLANG_ANALYZER_NUMBER_OBJECT_CONVERSION = YES_AGGRESSIVE;
				CLANG_CXX_LANGUAGE_STANDARD = "gnu++20";
				CLANG_ENABLE_MODULES = YES;
				CLANG_ENABLE_OBJC_ARC = YES;
				CLANG_ENABLE_OBJC_WEAK = YES;
				CLANG_WARN_BLOCK_CAPTURE_AUTORELEASING = YES;
				CLANG_WARN_BOOL_CONVERSION = YES;
				CLANG_WARN_COMMA = YES;
				CLANG_WARN_CONSTANT_CONVERSION = YES;
				CLANG_WARN_DEPRECATED_OBJC_IMPLEMENTATIONS = YES;
				CLANG_WARN_DIRECT_OBJC_ISA_USAGE = YES_ERROR;
				CLANG_WARN_DOCUMENTATION_COMMENTS = YES;
				CLANG_WARN_EMPTY_BODY = YES;
				CLANG_WARN_ENUM_CONVERSION = YES;
				CLANG_WARN_INFINITE_RECURSION = YES;
				CLANG_WARN_INT_CONVERSION = YES;
				CLANG_WARN_NON_LITERAL_NULL_CONVERSION = YES;
				CLANG_WARN_OBJC_IMPLICIT_RETAIN_SELF = YES;
				CLANG_WARN_OBJC_LITERAL_CONVERSION = YES;
				CLANG_WARN_OBJC_ROOT_CLASS = YES_ERROR;
				CLANG_WARN_QUOTED_INCLUDE_IN_FRAMEWORK_HEADER = YES;
				CLANG_WARN_RANGE_LOOP_ANALYSIS = YES;
				CLANG_WARN_STRICT_PROTOTYPES = YES;
				CLANG_WARN_SUSPICIOUS_MOVE = YES;
				CLANG_WARN_UNGUARDED_AVAILABILITY = YES_AGGRESSIVE;
				CLANG_WARN_UNREACHABLE_CODE = YES;
				CLANG_WARN__DUPLICATE_METHOD_MATCH = YES;
				COPY_PHASE_STRIP = NO;
				DEBUG_INFORMATION_FORMAT = "dwarf-with-dsym";
				ENABLE_NS_ASSERTIONS = NO;
				ENABLE_STRICT_OBJC_MSGSEND = YES;
				GCC_C_LANGUAGE_STANDARD = gnu11;
				GCC_NO_COMMON_BLOCKS = YES;
				GCC_WARN_64_TO_32_BIT_CONVERSION = YES;
				GCC_WARN_ABOUT_RETURN_TYPE = YES_ERROR;
				GCC_WARN_UNDECLARED_SELECTOR = YES;
				GCC_WARN_UNINITIALIZED_AUTOS = YES_AGGRESSIVE;
				GCC_WARN_UNUSED_FUNCTION = YES;
				GCC_WARN_UNUSED_VARIABLE = YES;
				IPHONEOS_DEPLOYMENT_TARGET = 16.4;
				MTL_ENABLE_DEBUG_INFO = NO;
				MTL_FAST_MATH = YES;
				SDKROOT = iphoneos;
				SWIFT_COMPILATION_MODE = wholemodule;
				SWIFT_OPTIMIZATION_LEVEL = "-O";
				VALIDATE_PRODUCT = YES;
			};
			name = Release;
		};
		3057C1362A850FC000348BA2 /* Debug */ = {
			isa = XCBuildConfiguration;
			buildSettings = {
				ASSETCATALOG_COMPILER_APPICON_NAME = AppIcon;
				ASSETCATALOG_COMPILER_GLOBAL_ACCENT_COLOR_NAME = AccentColor;
				ASSETCATALOG_COMPILER_INCLUDE_ALL_APPICON_ASSETS = NO;
				CODE_SIGN_STYLE = Automatic;
				CURRENT_PROJECT_VERSION = 1;
				GENERATE_INFOPLIST_FILE = YES;
				INFOPLIST_FILE = todolist_/Info.plist;
				INFOPLIST_KEY_UIApplicationSupportsIndirectInputEvents = YES;
				INFOPLIST_KEY_UILaunchStoryboardName = "";
				INFOPLIST_KEY_UISupportedInterfaceOrientations = UIInterfaceOrientationPortrait;
				IPHONEOS_DEPLOYMENT_TARGET = 14.0;
				LD_RUNPATH_SEARCH_PATHS = (
					"$(inherited)",
					"@executable_path/Frameworks",
				);
				MARKETING_VERSION = 1.0;
				PRODUCT_BUNDLE_IDENTIFIER = "com.sr.todolist-";
				PRODUCT_NAME = "$(TARGET_NAME)";
				SWIFT_EMIT_LOC_STRINGS = YES;
				SWIFT_VERSION = 5.0;
				TARGETED_DEVICE_FAMILY = "1,2";
			};
			name = Debug;
		};
		3057C1372A850FC000348BA2 /* Release */ = {
			isa = XCBuildConfiguration;
			buildSettings = {
				ASSETCATALOG_COMPILER_APPICON_NAME = AppIcon;
				ASSETCATALOG_COMPILER_GLOBAL_ACCENT_COLOR_NAME = AccentColor;
				ASSETCATALOG_COMPILER_INCLUDE_ALL_APPICON_ASSETS = NO;
				CODE_SIGN_STYLE = Automatic;
				CURRENT_PROJECT_VERSION = 1;
				GENERATE_INFOPLIST_FILE = YES;
				INFOPLIST_FILE = todolist_/Info.plist;
				INFOPLIST_KEY_UIApplicationSupportsIndirectInputEvents = YES;
				INFOPLIST_KEY_UILaunchStoryboardName = "";
				INFOPLIST_KEY_UISupportedInterfaceOrientations = UIInterfaceOrientationPortrait;
				IPHONEOS_DEPLOYMENT_TARGET = 14.0;
				LD_RUNPATH_SEARCH_PATHS = (
					"$(inherited)",
					"@executable_path/Frameworks",
				);
				MARKETING_VERSION = 1.0;
				PRODUCT_BUNDLE_IDENTIFIER = "com.sr.todolist-";
				PRODUCT_NAME = "$(TARGET_NAME)";
				SWIFT_EMIT_LOC_STRINGS = YES;
				SWIFT_VERSION = 5.0;
				TARGETED_DEVICE_FAMILY = "1,2";
			};
			name = Release;
		};
/* End XCBuildConfiguration section */

/* Begin XCConfigurationList section */
		3057C1192A850FBE00348BA2 /* Build configuration list for PBXProject "todolist_" */ = {
			isa = XCConfigurationList;
			buildConfigurations = (
				3057C1332A850FC000348BA2 /* Debug */,
				3057C1342A850FC000348BA2 /* Release */,
			);
			defaultConfigurationIsVisible = 0;
			defaultConfigurationName = Release;
		};
		3057C1352A850FC000348BA2 /* Build configuration list for PBXNativeTarget "todolist_" */ = {
			isa = XCConfigurationList;
			buildConfigurations = (
				3057C1362A850FC000348BA2 /* Debug */,
				3057C1372A850FC000348BA2 /* Release */,
			);
			defaultConfigurationIsVisible = 0;
			defaultConfigurationName = Release;
		};
/* End XCConfigurationList section */

/* Begin XCVersionGroup section */
		3057C12A2A850FBE00348BA2 /* todolist_.xcdatamodeld */ = {
			isa = XCVersionGroup;
			children = (
				3057C12B2A850FBE00348BA2 /* todolist_.xcdatamodel */,
			);
			currentVersion = 3057C12B2A850FBE00348BA2 /* todolist_.xcdatamodel */;
			path = todolist_.xcdatamodeld;
			sourceTree = "<group>";
			versionGroupType = wrapper.xcdatamodel;
		};
/* End XCVersionGroup section */
	};
	rootObject = 3057C1162A850FBE00348BA2 /* Project object */;
}
